
Microsoft Visual Studio Solution File, Format Version 12.00
# Visual Studio Version 17
VisualStudioVersion = 17.2.32526.322
MinimumVisualStudioVersion = 10.0.40219.1
Project("{9A19103F-16F7-4668-BE54-9A1E7A4F7556}") = "PenumbralsWorldgen", "PenumbralsWorldgen.csproj", "{E05E9E71-7353-434D-960E-6F7F52D78219}"
EndProject
Global
	GlobalSection(SolutionConfigurationPlatforms) = preSolution
		Debug|Any CPU = Debug|Any CPU
		Release|Any CPU = Release|Any CPU
	EndGlobalSection
	GlobalSection(ProjectConfigurationPlatforms) = postSolution
		{E05E9E71-7353-434D-960E-6F7F52D78219}.Debug|Any CPU.ActiveCfg = Debug|Any CPU
		{E05E9E71-7353-434D-960E-6F7F52D78219}.Debug|Any CPU.Build.0 = Debug|Any CPU
		{E05E9E71-7353-434D-960E-6F7F52D78219}.Release|Any CPU.ActiveCfg = Release|Any CPU
		{E05E9E71-7353-434D-960E-6F7F52D78219}.Release|Any CPU.Build.0 = Release|Any CPU
	EndGlobalSection
	GlobalSection(SolutionProperties) = preSolution
		HideSolutionNode = FALSE
	EndGlobalSection
	GlobalSection(ExtensibilityGlobals) = postSolution
		SolutionGuid = {3619D9CE-71B9-43A9-ACAE-895F4C3537B1}
	EndGlobalSection
EndGlobal
